
Microsoft Visual Studio Solution File, Format Version 12.00
# Visual Studio Version 17
VisualStudioVersion = 17.0.31903.59
MinimumVisualStudioVersion = 10.0.40219.1
Project("{FAE04EC0-301F-11D3-BF4B-00C04F79EFBC}") = "Repository.Pattern", "Repository.Pattern\Repository.Pattern.csproj", "{1CF5A796-5CF6-4365-A359-305F4E026D55}"
EndProject
Project("{FAE04EC0-301F-11D3-BF4B-00C04F79EFBC}") = "Service.Pattern", "Service.Pattern\Service.Pattern.csproj", "{C5E6645C-AFBD-48FD-83D2-852BF4EFEA90}"
EndProject
Project("{FAE04EC0-301F-11D3-BF4B-00C04F79EFBC}") = "MarketplaceCopilot.Entities", "MarketplaceCopilot.Entities\MarketplaceCopilot.Entities.csproj", "{855F1CE7-7DAD-4E99-AF3D-8C300C9EBBA7}"
EndProject
Project("{FAE04EC0-301F-11D3-BF4B-00C04F79EFBC}") = "MarketplaceCopilot.Data", "MarketplaceCopilot.Data\MarketplaceCopilot.Data.csproj", "{FD9E0847-3663-4B0B-B5FC-DCD677717E95}"
EndProject
Project("{FAE04EC0-301F-11D3-BF4B-00C04F79EFBC}") = "MarketplaceCopilot.Services.Contracts", "MarketplaceCopilot.Services.Contracts\MarketplaceCopilot.Services.Contracts.csproj", "{46EE89FE-4439-40AF-8D23-A5392C7C1EC1}"
EndProject
Project("{FAE04EC0-301F-11D3-BF4B-00C04F79EFBC}") = "MarketplaceCopilot.Services", "MarketplaceCopilot.Services\MarketplaceCopilot.Services.csproj", "{448FD3B9-E875-426C-8646-41F5FAC656F4}"
EndProject
Project("{FAE04EC0-301F-11D3-BF4B-00C04F79EFBC}") = "MarketplaceCopilot.Api", "MarketplaceCopilot.Api\MarketplaceCopilot.Api.csproj", "{2DF3C2BC-676F-4A96-9DC0-9F1AC5F493BF}"
EndProject
Global
	GlobalSection(SolutionConfigurationPlatforms) = preSolution
		Debug|Any CPU = Debug|Any CPU
		Debug|x64 = Debug|x64
		Debug|x86 = Debug|x86
		Release|Any CPU = Release|Any CPU
		Release|x64 = Release|x64
		Release|x86 = Release|x86
	EndGlobalSection
	GlobalSection(ProjectConfigurationPlatforms) = postSolution
		{1CF5A796-5CF6-4365-A359-305F4E026D55}.Debug|Any CPU.ActiveCfg = Debug|Any CPU
		{1CF5A796-5CF6-4365-A359-305F4E026D55}.Debug|Any CPU.Build.0 = Debug|Any CPU
		{1CF5A796-5CF6-4365-A359-305F4E026D55}.Debug|x64.ActiveCfg = Debug|Any CPU
		{1CF5A796-5CF6-4365-A359-305F4E026D55}.Debug|x64.Build.0 = Debug|Any CPU
		{1CF5A796-5CF6-4365-A359-305F4E026D55}.Debug|x86.ActiveCfg = Debug|Any CPU
		{1CF5A796-5CF6-4365-A359-305F4E026D55}.Debug|x86.Build.0 = Debug|Any CPU
		{1CF5A796-5CF6-4365-A359-305F4E026D55}.Release|Any CPU.ActiveCfg = Release|Any CPU
		{1CF5A796-5CF6-4365-A359-305F4E026D55}.Release|Any CPU.Build.0 = Release|Any CPU
		{1CF5A796-5CF6-4365-A359-305F4E026D55}.Release|x64.ActiveCfg = Release|Any CPU
		{1CF5A796-5CF6-4365-A359-305F4E026D55}.Release|x64.Build.0 = Release|Any CPU
		{1CF5A796-5CF6-4365-A359-305F4E026D55}.Release|x86.ActiveCfg = Release|Any CPU
		{1CF5A796-5CF6-4365-A359-305F4E026D55}.Release|x86.Build.0 = Release|Any CPU
		{C5E6645C-AFBD-48FD-83D2-852BF4EFEA90}.Debug|Any CPU.ActiveCfg = Debug|Any CPU
		{C5E6645C-AFBD-48FD-83D2-852BF4EFEA90}.Debug|Any CPU.Build.0 = Debug|Any CPU
		{C5E6645C-AFBD-48FD-83D2-852BF4EFEA90}.Debug|x64.ActiveCfg = Debug|Any CPU
		{C5E6645C-AFBD-48FD-83D2-852BF4EFEA90}.Debug|x64.Build.0 = Debug|Any CPU
		{C5E6645C-AFBD-48FD-83D2-852BF4EFEA90}.Debug|x86.ActiveCfg = Debug|Any CPU
		{C5E6645C-AFBD-48FD-83D2-852BF4EFEA90}.Debug|x86.Build.0 = Debug|Any CPU
		{C5E6645C-AFBD-48FD-83D2-852BF4EFEA90}.Release|Any CPU.ActiveCfg = Release|Any CPU
		{C5E6645C-AFBD-48FD-83D2-852BF4EFEA90}.Release|Any CPU.Build.0 = Release|Any CPU
		{C5E6645C-AFBD-48FD-83D2-852BF4EFEA90}.Release|x64.ActiveCfg = Release|Any CPU
		{C5E6645C-AFBD-48FD-83D2-852BF4EFEA90}.Release|x64.Build.0 = Release|Any CPU
		{C5E6645C-AFBD-48FD-83D2-852BF4EFEA90}.Release|x86.ActiveCfg = Release|Any CPU
		{C5E6645C-AFBD-48FD-83D2-852BF4EFEA90}.Release|x86.Build.0 = Release|Any CPU
		{855F1CE7-7DAD-4E99-AF3D-8C300C9EBBA7}.Debug|Any CPU.ActiveCfg = Debug|Any CPU
		{855F1CE7-7DAD-4E99-AF3D-8C300C9EBBA7}.Debug|Any CPU.Build.0 = Debug|Any CPU
		{855F1CE7-7DAD-4E99-AF3D-8C300C9EBBA7}.Debug|x64.ActiveCfg = Debug|Any CPU
		{855F1CE7-7DAD-4E99-AF3D-8C300C9EBBA7}.Debug|x64.Build.0 = Debug|Any CPU
		{855F1CE7-7DAD-4E99-AF3D-8C300C9EBBA7}.Debug|x86.ActiveCfg = Debug|Any CPU
		{855F1CE7-7DAD-4E99-AF3D-8C300C9EBBA7}.Debug|x86.Build.0 = Debug|Any CPU
		{855F1CE7-7DAD-4E99-AF3D-8C300C9EBBA7}.Release|Any CPU.ActiveCfg = Release|Any CPU
		{855F1CE7-7DAD-4E99-AF3D-8C300C9EBBA7}.Release|Any CPU.Build.0 = Release|Any CPU
		{855F1CE7-7DAD-4E99-AF3D-8C300C9EBBA7}.Release|x64.ActiveCfg = Release|Any CPU
		{855F1CE7-7DAD-4E99-AF3D-8C300C9EBBA7}.Release|x64.Build.0 = Release|Any CPU
		{855F1CE7-7DAD-4E99-AF3D-8C300C9EBBA7}.Release|x86.ActiveCfg = Release|Any CPU
		{855F1CE7-7DAD-4E99-AF3D-8C300C9EBBA7}.Release|x86.Build.0 = Release|Any CPU
		{FD9E0847-3663-4B0B-B5FC-DCD677717E95}.Debug|Any CPU.ActiveCfg = Debug|Any CPU
		{FD9E0847-3663-4B0B-B5FC-DCD677717E95}.Debug|Any CPU.Build.0 = Debug|Any CPU
		{FD9E0847-3663-4B0B-B5FC-DCD677717E95}.Debug|x64.ActiveCfg = Debug|Any CPU
		{FD9E0847-3663-4B0B-B5FC-DCD677717E95}.Debug|x64.Build.0 = Debug|Any CPU
		{FD9E0847-3663-4B0B-B5FC-DCD677717E95}.Debug|x86.ActiveCfg = Debug|Any CPU
		{FD9E0847-3663-4B0B-B5FC-DCD677717E95}.Debug|x86.Build.0 = Debug|Any CPU
		{FD9E0847-3663-4B0B-B5FC-DCD677717E95}.Release|Any CPU.ActiveCfg = Release|Any CPU
		{FD9E0847-3663-4B0B-B5FC-DCD677717E95}.Release|Any CPU.Build.0 = Release|Any CPU
		{FD9E0847-3663-4B0B-B5FC-DCD677717E95}.Release|x64.ActiveCfg = Release|Any CPU
		{FD9E0847-3663-4B0B-B5FC-DCD677717E95}.Release|x64.Build.0 = Release|Any CPU
		{FD9E0847-3663-4B0B-B5FC-DCD677717E95}.Release|x86.ActiveCfg = Release|Any CPU
		{FD9E0847-3663-4B0B-B5FC-DCD677717E95}.Release|x86.Build.0 = Release|Any CPU
		{46EE89FE-4439-40AF-8D23-A5392C7C1EC1}.Debug|Any CPU.ActiveCfg = Debug|Any CPU
		{46EE89FE-4439-40AF-8D23-A5392C7C1EC1}.Debug|Any CPU.Build.0 = Debug|Any CPU
		{46EE89FE-4439-40AF-8D23-A5392C7C1EC1}.Debug|x64.ActiveCfg = Debug|Any CPU
		{46EE89FE-4439-40AF-8D23-A5392C7C1EC1}.Debug|x64.Build.0 = Debug|Any CPU
		{46EE89FE-4439-40AF-8D23-A5392C7C1EC1}.Debug|x86.ActiveCfg = Debug|Any CPU
		{46EE89FE-4439-40AF-8D23-A5392C7C1EC1}.Debug|x86.Build.0 = Debug|Any CPU
		{46EE89FE-4439-40AF-8D23-A5392C7C1EC1}.Release|Any CPU.ActiveCfg = Release|Any CPU
		{46EE89FE-4439-40AF-8D23-A5392C7C1EC1}.Release|Any CPU.Build.0 = Release|Any CPU
		{46EE89FE-4439-40AF-8D23-A5392C7C1EC1}.Release|x64.ActiveCfg = Release|Any CPU
		{46EE89FE-4439-40AF-8D23-A5392C7C1EC1}.Release|x64.Build.0 = Release|Any CPU
		{46EE89FE-4439-40AF-8D23-A5392C7C1EC1}.Release|x86.ActiveCfg = Release|Any CPU
		{46EE89FE-4439-40AF-8D23-A5392C7C1EC1}.Release|x86.Build.0 = Release|Any CPU
		{448FD3B9-E875-426C-8646-41F5FAC656F4}.Debug|Any CPU.ActiveCfg = Debug|Any CPU
		{448FD3B9-E875-426C-8646-41F5FAC656F4}.Debug|Any CPU.Build.0 = Debug|Any CPU
		{448FD3B9-E875-426C-8646-41F5FAC656F4}.Debug|x64.ActiveCfg = Debug|Any CPU
		{448FD3B9-E875-426C-8646-41F5FAC656F4}.Debug|x64.Build.0 = Debug|Any CPU
		{448FD3B9-E875-426C-8646-41F5FAC656F4}.Debug|x86.ActiveCfg = Debug|Any CPU
		{448FD3B9-E875-426C-8646-41F5FAC656F4}.Debug|x86.Build.0 = Debug|Any CPU
		{448FD3B9-E875-426C-8646-41F5FAC656F4}.Release|Any CPU.ActiveCfg = Release|Any CPU
		{448FD3B9-E875-426C-8646-41F5FAC656F4}.Release|Any CPU.Build.0 = Release|Any CPU
		{448FD3B9-E875-426C-8646-41F5FAC656F4}.Release|x64.ActiveCfg = Release|Any CPU
		{448FD3B9-E875-426C-8646-41F5FAC656F4}.Release|x64.Build.0 = Release|Any CPU
		{448FD3B9-E875-426C-8646-41F5FAC656F4}.Release|x86.ActiveCfg = Release|Any CPU
		{448FD3B9-E875-426C-8646-41F5FAC656F4}.Release|x86.Build.0 = Release|Any CPU
		{2DF3C2BC-676F-4A96-9DC0-9F1AC5F493BF}.Debug|Any CPU.ActiveCfg = Debug|Any CPU
		{2DF3C2BC-676F-4A96-9DC0-9F1AC5F493BF}.Debug|Any CPU.Build.0 = Debug|Any CPU
		{2DF3C2BC-676F-4A96-9DC0-9F1AC5F493BF}.Debug|x64.ActiveCfg = Debug|Any CPU
		{2DF3C2BC-676F-4A96-9DC0-9F1AC5F493BF}.Debug|x64.Build.0 = Debug|Any CPU
		{2DF3C2BC-676F-4A96-9DC0-9F1AC5F493BF}.Debug|x86.ActiveCfg = Debug|Any CPU
		{2DF3C2BC-676F-4A96-9DC0-9F1AC5F493BF}.Debug|x86.Build.0 = Debug|Any CPU
		{2DF3C2BC-676F-4A96-9DC0-9F1AC5F493BF}.Release|Any CPU.ActiveCfg = Release|Any CPU
		{2DF3C2BC-676F-4A96-9DC0-9F1AC5F493BF}.Release|Any CPU.Build.0 = Release|Any CPU
		{2DF3C2BC-676F-4A96-9DC0-9F1AC5F493BF}.Release|x64.ActiveCfg = Release|Any CPU
		{2DF3C2BC-676F-4A96-9DC0-9F1AC5F493BF}.Release|x64.Build.0 = Release|Any CPU
		{2DF3C2BC-676F-4A96-9DC0-9F1AC5F493BF}.Release|x86.ActiveCfg = Release|Any CPU
		{2DF3C2BC-676F-4A96-9DC0-9F1AC5F493BF}.Release|x86.Build.0 = Release|Any CPU
	EndGlobalSection
	GlobalSection(SolutionProperties) = preSolution
		HideSolutionNode = FALSE
	EndGlobalSection
EndGlobal
